
Microsoft Visual Studio Solution File, Format Version 12.00
# Visual Studio Version 16
VisualStudioVersion = 16.0.33423.256
MinimumVisualStudioVersion = 10.0.40219.1
Project("{FAE04EC0-301F-11D3-BF4B-00C04F79EFBC}") = "CopyWallpapers", "CopyWallpapers\CopyWallpapers.csproj", "{EB2765D0-B67A-456B-8232-4B622847D5C6}"
EndProject
Global
	GlobalSection(SolutionConfigurationPlatforms) = preSolution
		Debug|Any CPU = Debug|Any CPU
		Release|Any CPU = Release|Any CPU
	EndGlobalSection
	GlobalSection(ProjectConfigurationPlatforms) = postSolution
		{EB2765D0-B67A-456B-8232-4B622847D5C6}.Debug|Any CPU.ActiveCfg = Debug|Any CPU
		{EB2765D0-B67A-456B-8232-4B622847D5C6}.Debug|Any CPU.Build.0 = Debug|Any CPU
		{EB2765D0-B67A-456B-8232-4B622847D5C6}.Release|Any CPU.ActiveCfg = Release|Any CPU
		{EB2765D0-B67A-456B-8232-4B622847D5C6}.Release|Any CPU.Build.0 = Release|Any CPU
	EndGlobalSection
	GlobalSection(SolutionProperties) = preSolution
		HideSolutionNode = FALSE
	EndGlobalSection
	GlobalSection(ExtensibilityGlobals) = postSolution
		SolutionGuid = {51A1ECE6-4E63-411D-B480-8E6021B5D936}
	EndGlobalSection
EndGlobal
